
Microsoft Visual Studio Solution File, Format Version 12.00
# Visual Studio Version 16
VisualStudioVersion = 16.0.31613.86
MinimumVisualStudioVersion = 10.0.40219.1
Project("{FAE04EC0-301F-11D3-BF4B-00C04F79EFBC}") = "BilimCalismaSalonu", "BilimCalismaSalonu\BilimCalismaSalonu.csproj", "{3E9CA755-E524-4659-BD3C-41BA94B79314}"
EndProject
Project("{54435603-DBB4-11D2-8724-00A0C9A8B90C}") = "Bilim Çalışma Salonu", "..\Bilim Çalışma Salonu\Bilim Çalışma Salonu.vdproj", "{0458582B-9FA8-478F-B13C-79107C8005AC}"
EndProject
Project("{54435603-DBB4-11D2-8724-00A0C9A8B90C}") = "Bilim Çalışma Salonu", "..\Kurulum\Bilim Çalışma Salonu.vdproj", "{40175A4F-DA6B-4CA7-ADFD-AF319200A5E0}"
EndProject
Global
	GlobalSection(SolutionConfigurationPlatforms) = preSolution
		Debug|Any CPU = Debug|Any CPU
		Release|Any CPU = Release|Any CPU
	EndGlobalSection
	GlobalSection(ProjectConfigurationPlatforms) = postSolution
		{3E9CA755-E524-4659-BD3C-41BA94B79314}.Debug|Any CPU.ActiveCfg = Debug|Any CPU
		{3E9CA755-E524-4659-BD3C-41BA94B79314}.Debug|Any CPU.Build.0 = Debug|Any CPU
		{3E9CA755-E524-4659-BD3C-41BA94B79314}.Release|Any CPU.ActiveCfg = Debug|Any CPU
		{3E9CA755-E524-4659-BD3C-41BA94B79314}.Release|Any CPU.Build.0 = Debug|Any CPU
		{0458582B-9FA8-478F-B13C-79107C8005AC}.Debug|Any CPU.ActiveCfg = Debug
		{0458582B-9FA8-478F-B13C-79107C8005AC}.Release|Any CPU.ActiveCfg = Release
		{40175A4F-DA6B-4CA7-ADFD-AF319200A5E0}.Debug|Any CPU.ActiveCfg = Debug
		{40175A4F-DA6B-4CA7-ADFD-AF319200A5E0}.Release|Any CPU.ActiveCfg = Release
	EndGlobalSection
	GlobalSection(SolutionProperties) = preSolution
		HideSolutionNode = FALSE
	EndGlobalSection
	GlobalSection(ExtensibilityGlobals) = postSolution
		SolutionGuid = {11CA8E7C-BD21-42F7-964C-A13870DB51C5}
	EndGlobalSection
EndGlobal
